{
  "originHash" : "8ce92f6c4f4bb5d80fd0d7a95ca96f8ffe1df01dedef6ad74e5bb8496eab06d6",
  "pins" : [
    {
      "identity" : "kmp-app-template",
      "kind" : "remoteSourceControl",
      "location" : "https://github.com/yossibank/kmp-app-template.git",
      "state" : {
        "revision" : "e725970ccf101b9e2a5b954292296b926c83c488",
        "version" : "0.6.0"
      }
    }
  ],
  "version" : 3
}
