{
  "originHash" : "8ce92f6c4f4bb5d80fd0d7a95ca96f8ffe1df01dedef6ad74e5bb8496eab06d6",
  "pins" : [
    {
      "identity" : "kmp-app-template",
      "kind" : "remoteSourceControl",
      "location" : "https://github.com/yossibank/kmp-app-template.git",
      "state" : {
        "revision" : "4105648a233761f05498bf6c5b27e8256dd57531",
        "version" : "0.3.0"
      }
    }
  ],
  "version" : 3
}
