{
  "originHash" : "2741c57db4a9b38c7ec72cfcbb587bd0bef52808a8d980edb7bbed6da6b7add4",
  "pins" : [
    {
      "identity" : "kmp-app-template",
      "kind" : "remoteSourceControl",
      "location" : "https://github.com/yossibank/kmp-app-template.git",
      "state" : {
        "revision" : "add98cd9a9f03d1e93e9119f153cbfac66d6aa6c",
        "version" : "0.20.0"
      }
    }
  ],
  "version" : 3
}
