{
  "originHash" : "ab6cf81950c8bb42d2fcb6675bdcf1564925dbad10306b3938d031fa99227395",
  "pins" : [
    {
      "identity" : "kmp-app-template",
      "kind" : "remoteSourceControl",
      "location" : "https://github.com/yossibank/kmp-app-template.git",
      "state" : {
        "revision" : "415dd92cafe04e1ddcaef3c50813ef007793c5d8",
        "version" : "0.14.0"
      }
    }
  ],
  "version" : 3
}
