{
  "originHash" : "26502829677a2e836472b36b0b61555c8762c1a2b642b4fac3de60b99f0a2b17",
  "pins" : [
    {
      "identity" : "kmp-app-template",
      "kind" : "remoteSourceControl",
      "location" : "https://github.com/yossibank/kmp-app-template.git",
      "state" : {
        "revision" : "39abb9a52d154c2d552e58dbe865fe1ea532ac77",
        "version" : "0.8.0"
      }
    }
  ],
  "version" : 3
}
